// !$*UTF8*$!
{
	archiveVersion = 1;
	classes = {
	};
	objectVersion = 50;
	objects = {

/* Begin PBXBuildFile section */
		DB434DD625FC9C1700C4B014 /* AppDelegate.swift in Sources */ = {isa = PBXBuildFile; fileRef = DB434DD525FC9C1700C4B014 /* AppDelegate.swift */; };
		DB434DD825FC9C1700C4B014 /* art.scnassets in Resources */ = {isa = PBXBuildFile; fileRef = DB434DD725FC9C1700C4B014 /* art.scnassets */; };
		DB434DDA25FC9C1700C4B014 /* ViewController.swift in Sources */ = {isa = PBXBuildFile; fileRef = DB434DD925FC9C1700C4B014 /* ViewController.swift */; };
		DB434DDD25FC9C1700C4B014 /* Main.storyboard in Resources */ = {isa = PBXBuildFile; fileRef = DB434DDB25FC9C1700C4B014 /* Main.storyboard */; };
		DB434DDF25FC9C1C00C4B014 /* Assets.xcassets in Resources */ = {isa = PBXBuildFile; fileRef = DB434DDE25FC9C1C00C4B014 /* Assets.xcassets */; };
		DB434DE225FC9C1C00C4B014 /* LaunchScreen.storyboard in Resources */ = {isa = PBXBuildFile; fileRef = DB434DE025FC9C1C00C4B014 /* LaunchScreen.storyboard */; };
/* End PBXBuildFile section */

/* Begin PBXFileReference section */
		DB434DD225FC9C1700C4B014 /* Finding Surfaces.app */ = {isa = PBXFileReference; explicitFileType = wrapper.application; includeInIndex = 0; path = "Finding Surfaces.app"; sourceTree = BUILT_PRODUCTS_DIR; };
		DB434DD525FC9C1700C4B014 /* AppDelegate.swift */ = {isa = PBXFileReference; lastKnownFileType = sourcecode.swift; path = AppDelegate.swift; sourceTree = "<group>"; };
		DB434DD725FC9C1700C4B014 /* art.scnassets */ = {isa = PBXFileReference; lastKnownFileType = wrapper.scnassets; path = art.scnassets; sourceTree = "<group>"; };
		DB434DD925FC9C1700C4B014 /* ViewController.swift */ = {isa = PBXFileReference; lastKnownFileType = sourcecode.swift; path = ViewController.swift; sourceTree = "<group>"; };
		DB434DDC25FC9C1700C4B014 /* Base */ = {isa = PBXFileReference; lastKnownFileType = file.storyboard; name = Base; path = Base.lproj/Main.storyboard; sourceTree = "<group>"; };
		DB434DDE25FC9C1C00C4B014 /* Assets.xcassets */ = {isa = PBXFileReference; lastKnownFileType = folder.assetcatalog; path = Assets.xcassets; sourceTree = "<group>"; };
		DB434DE125FC9C1C00C4B014 /* Base */ = {isa = PBXFileReference; lastKnownFileType = file.storyboard; name = Base; path = Base.lproj/LaunchScreen.storyboard; sourceTree = "<group>"; };
		DB434DE325FC9C1C00C4B014 /* Info.plist */ = {isa = PBXFileReference; lastKnownFileType = text.plist.xml; path = Info.plist; sourceTree = "<group>"; };
/* End PBXFileReference section */

/* Begin PBXFrameworksBuildPhase section */
		DB434DCF25FC9C1700C4B014 /* Frameworks */ = {
			isa = PBXFrameworksBuildPhase;
			buildActionMask = 2147483647;
			files = (
			);
			runOnlyForDeploymentPostprocessing = 0;
		};
/* End PBXFrameworksBuildPhase section */

/* Begin PBXGroup section */
		DB434DC925FC9C1700C4B014 = {
			isa = PBXGroup;
			children = (
				DB434DD425FC9C1700C4B014 /* Finding Surfaces */,
				DB434DD325FC9C1700C4B014 /* Products */,
			);
			sourceTree = "<group>";
		};
		DB434DD325FC9C1700C4B014 /* Products */ = {
			isa = PBXGroup;
			children = (
				DB434DD225FC9C1700C4B014 /* Finding Surfaces.app */,
			);
			name = Products;
			sourceTree = "<group>";
		};
		DB434DD425FC9C1700C4B014 /* Finding Surfaces */ = {
			isa = PBXGroup;
			children = (
				DB434DD525FC9C1700C4B014 /* AppDelegate.swift */,
				DB434DD725FC9C1700C4B014 /* art.scnassets */,
				DB434DD925FC9C1700C4B014 /* ViewController.swift */,
				DB434DDB25FC9C1700C4B014 /* Main.storyboard */,
				DB434DDE25FC9C1C00C4B014 /* Assets.xcassets */,
				DB434DE025FC9C1C00C4B014 /* LaunchScreen.storyboard */,
				DB434DE325FC9C1C00C4B014 /* Info.plist */,
			);
			path = "Finding Surfaces";
			sourceTree = "<group>";
		};
/* End PBXGroup section */

/* Begin PBXNativeTarget section */
		DB434DD125FC9C1700C4B014 /* Finding Surfaces */ = {
			isa = PBXNativeTarget;
			buildConfigurationList = DB434DE625FC9C1C00C4B014 /* Build configuration list for PBXNativeTarget "Finding Surfaces" */;
			buildPhases = (
				DB434DCE25FC9C1700C4B014 /* Sources */,
				DB434DCF25FC9C1700C4B014 /* Frameworks */,
				DB434DD025FC9C1700C4B014 /* Resources */,
			);
			buildRules = (
			);
			dependencies = (
			);
			name = "Finding Surfaces";
			productName = "Finding Surfaces";
			productReference = DB434DD225FC9C1700C4B014 /* Finding Surfaces.app */;
			productType = "com.apple.product-type.application";
		};
/* End PBXNativeTarget section */

/* Begin PBXProject section */
		DB434DCA25FC9C1700C4B014 /* Project object */ = {
			isa = PBXProject;
			attributes = {
				LastSwiftUpdateCheck = 1240;
				LastUpgradeCheck = 1240;
				TargetAttributes = {
					DB434DD125FC9C1700C4B014 = {
						CreatedOnToolsVersion = 12.4;
					};
				};
			};
			buildConfigurationList = DB434DCD25FC9C1700C4B014 /* Build configuration list for PBXProject "Finding Surfaces" */;
			compatibilityVersion = "Xcode 9.3";
			developmentRegion = en;
			hasScannedForEncodings = 0;
			knownRegions = (
				en,
				Base,
			);
			mainGroup = DB434DC925FC9C1700C4B014;
			productRefGroup = DB434DD325FC9C1700C4B014 /* Products */;
			projectDirPath = "";
			projectRoot = "";
			targets = (
				DB434DD125FC9C1700C4B014 /* Finding Surfaces */,
			);
		};
/* End PBXProject section */

/* Begin PBXResourcesBuildPhase section */
		DB434DD025FC9C1700C4B014 /* Resources */ = {
			isa = PBXResourcesBuildPhase;
			buildActionMask = 2147483647;
			files = (
				DB434DD825FC9C1700C4B014 /* art.scnassets in Resources */,
				DB434DE225FC9C1C00C4B014 /* LaunchScreen.storyboard in Resources */,
				DB434DDF25FC9C1C00C4B014 /* Assets.xcassets in Resources */,
				DB434DDD25FC9C1700C4B014 /* Main.storyboard in Resources */,
			);
			runOnlyForDeploymentPostprocessing = 0;
		};
/* End PBXResourcesBuildPhase section */

/* Begin PBXSourcesBuildPhase section */
		DB434DCE25FC9C1700C4B014 /* Sources */ = {
			isa = PBXSourcesBuildPhase;
			buildActionMask = 2147483647;
			files = (
				DB434DDA25FC9C1700C4B014 /* ViewController.swift in Sources */,
				DB434DD625FC9C1700C4B014 /* AppDelegate.swift in Sources */,
			);
			runOnlyForDeploymentPostprocessing = 0;
		};
/* End PBXSourcesBuildPhase section */

/* Begin PBXVariantGroup section */
		DB434DDB25FC9C1700C4B014 /* Main.storyboard */ = {
			isa = PBXVariantGroup;
			children = (
				DB434DDC25FC9C1700C4B014 /* Base */,
			);
			name = Main.storyboard;
			sourceTree = "<group>";
		};
		DB434DE025FC9C1C00C4B014 /* LaunchScreen.storyboard */ = {
			isa = PBXVariantGroup;
			children = (
				DB434DE125FC9C1C00C4B014 /* Base */,
			);
			name = LaunchScreen.storyboard;
			sourceTree = "<group>";
		};
/* End PBXVariantGroup section */

/* Begin XCBuildConfiguration section */
		DB434DE425FC9C1C00C4B014 /* Debug */ = {
			isa = XCBuildConfiguration;
			buildSettings = {
				ALWAYS_SEARCH_USER_PATHS = NO;
				CLANG_ANALYZER_NONNULL = YES;
				CLANG_ANALYZER_NUMBER_OBJECT_CONVERSION = YES_AGGRESSIVE;
				CLANG_CXX_LANGUAGE_STANDARD = "gnu++14";
				CLANG_CXX_LIBRARY = "libc++";
				CLANG_ENABLE_MODULES = YES;
				CLANG_ENABLE_OBJC_ARC = YES;
				CLANG_ENABLE_OBJC_WEAK = YES;
				CLANG_WARN_BLOCK_CAPTURE_AUTORELEASING = YES;
				CLANG_WARN_BOOL_CONVERSION = YES;
				CLANG_WARN_COMMA = YES;
				CLANG_WARN_CONSTANT_CONVERSION = YES;
				CLANG_WARN_DEPRECATED_OBJC_IMPLEMENTATIONS = YES;
				CLANG_WARN_DIRECT_OBJC_ISA_USAGE = YES_ERROR;
				CLANG_WARN_DOCUMENTATION_COMMENTS = YES;
				CLANG_WARN_EMPTY_BODY = YES;
				CLANG_WARN_ENUM_CONVERSION = YES;
				CLANG_WARN_INFINITE_RECURSION = YES;
				CLANG_WARN_INT_CONVERSION = YES;
				CLANG_WARN_NON_LITERAL_NULL_CONVERSION = YES;
				CLANG_WARN_OBJC_IMPLICIT_RETAIN_SELF = YES;
				CLANG_WARN_OBJC_LITERAL_CONVERSION = YES;
				CLANG_WARN_OBJC_ROOT_CLASS = YES_ERROR;
				CLANG_WARN_QUOTED_INCLUDE_IN_FRAMEWORK_HEADER = YES;
				CLANG_WARN_RANGE_LOOP_ANALYSIS = YES;
				CLANG_WARN_STRICT_PROTOTYPES = YES;
				CLANG_WARN_SUSPICIOUS_MOVE = YES;
				CLANG_WARN_UNGUARDED_AVAILABILITY = YES_AGGRESSIVE;
				CLANG_WARN_UNREACHABLE_CODE = YES;
				CLANG_WARN__DUPLICATE_METHOD_MATCH = YES;
				COPY_PHASE_STRIP = NO;
				DEBUG_INFORMATION_FORMAT = dwarf;
				ENABLE_STRICT_OBJC_MSGSEND = YES;
				ENABLE_TESTABILITY = YES;
				GCC_C_LANGUAGE_STANDARD = gnu11;
				GCC_DYNAMIC_NO_PIC = NO;
				GCC_NO_COMMON_BLOCKS = YES;
				GCC_OPTIMIZATION_LEVEL = 0;
				GCC_PREPROCESSOR_DEFINITIONS = (
					"DEBUG=1",
					"$(inherited)",
				);
				GCC_WARN_64_TO_32_BIT_CONVERSION = YES;
				GCC_WARN_ABOUT_RETURN_TYPE = YES_ERROR;
				GCC_WARN_UNDECLARED_SELECTOR = YES;
				GCC_WARN_UNINITIALIZED_AUTOS = YES_AGGRESSIVE;
				GCC_WARN_UNUSED_FUNCTION = YES;
				GCC_WARN_UNUSED_VARIABLE = YES;
				IPHONEOS_DEPLOYMENT_TARGET = 14.4;
				MTL_ENABLE_DEBUG_INFO = INCLUDE_SOURCE;
				MTL_FAST_MATH = YES;
				ONLY_ACTIVE_ARCH = YES;
				SDKROOT = iphoneos;
				SWIFT_ACTIVE_COMPILATION_CONDITIONS = DEBUG;
				SWIFT_OPTIMIZATION_LEVEL = "-Onone";
			};
			name = Debug;
		};
		DB434DE525FC9C1C00C4B014 /* Release */ = {
			isa = XCBuildConfiguration;
			buildSettings = {
				ALWAYS_SEARCH_USER_PATHS = NO;
				CLANG_ANALYZER_NONNULL = YES;
				CLANG_ANALYZER_NUMBER_OBJECT_CONVERSION = YES_AGGRESSIVE;
				CLANG_CXX_LANGUAGE_STANDARD = "gnu++14";
				CLANG_CXX_LIBRARY = "libc++";
				CLANG_ENABLE_MODULES = YES;
				CLANG_ENABLE_OBJC_ARC = YES;
				CLANG_ENABLE_OBJC_WEAK = YES;
				CLANG_WARN_BLOCK_CAPTURE_AUTORELEASING = YES;
				CLANG_WARN_BOOL_CONVERSION = YES;
				CLANG_WARN_COMMA = YES;
				CLANG_WARN_CONSTANT_CONVERSION = YES;
				CLANG_WARN_DEPRECATED_OBJC_IMPLEMENTATIONS = YES;
				CLANG_WARN_DIRECT_OBJC_ISA_USAGE = YES_ERROR;
				CLANG_WARN_DOCUMENTATION_COMMENTS = YES;
				CLANG_WARN_EMPTY_BODY = YES;
				CLANG_WARN_ENUM_CONVERSION = YES;
				CLANG_WARN_INFINITE_RECURSION = YES;
				CLANG_WARN_INT_CONVERSION = YES;
				CLANG_WARN_NON_LITERAL_NULL_CONVERSION = YES;
				CLANG_WARN_OBJC_IMPLICIT_RETAIN_SELF = YES;
				CLANG_WARN_OBJC_LITERAL_CONVERSION = YES;
				CLANG_WARN_OBJC_ROOT_CLASS = YES_ERROR;
				CLANG_WARN_QUOTED_INCLUDE_IN_FRAMEWORK_HEADER = YES;
				CLANG_WARN_RANGE_LOOP_ANALYSIS = YES;
				CLANG_WARN_STRICT_PROTOTYPES = YES;
				CLANG_WARN_SUSPICIOUS_MOVE = YES;
				CLANG_WARN_UNGUARDED_AVAILABILITY = YES_AGGRESSIVE;
				CLANG_WARN_UNREACHABLE_CODE = YES;
				CLANG_WARN__DUPLICATE_METHOD_MATCH = YES;
				COPY_PHASE_STRIP = NO;
				DEBUG_INFORMATION_FORMAT = "dwarf-with-dsym";
				ENABLE_NS_ASSERTIONS = NO;
				ENABLE_STRICT_OBJC_MSGSEND = YES;
				GCC_C_LANGUAGE_STANDARD = gnu11;
				GCC_NO_COMMON_BLOCKS = YES;
				GCC_WARN_64_TO_32_BIT_CONVERSION = YES;
				GCC_WARN_ABOUT_RETURN_TYPE = YES_ERROR;
				GCC_WARN_UNDECLARED_SELECTOR = YES;
				GCC_WARN_UNINITIALIZED_AUTOS = YES_AGGRESSIVE;
				GCC_WARN_UNUSED_FUNCTION = YES;
				GCC_WARN_UNUSED_VARIABLE = YES;
				IPHONEOS_DEPLOYMENT_TARGET = 14.4;
				MTL_ENABLE_DEBUG_INFO = NO;
				MTL_FAST_MATH = YES;
				SDKROOT = iphoneos;
				SWIFT_COMPILATION_MODE = wholemodule;
				SWIFT_OPTIMIZATION_LEVEL = "-O";
				VALIDATE_PRODUCT = YES;
			};
			name = Release;
		};
		DB434DE725FC9C1C00C4B014 /* Debug */ = {
			isa = XCBuildConfiguration;
			buildSettings = {
				ASSETCATALOG_COMPILER_APPICON_NAME = AppIcon;
				ASSETCATALOG_COMPILER_GLOBAL_ACCENT_COLOR_NAME = AccentColor;
				CODE_SIGN_STYLE = Automatic;
				DEVELOPMENT_TEAM = P86FRSH948;
				INFOPLIST_FILE = "Finding Surfaces/Info.plist";
				LD_RUNPATH_SEARCH_PATHS = (
					"$(inherited)",
					"@executable_path/Frameworks",
				);
				PRODUCT_BUNDLE_IDENTIFIER = "com.icloud-kif997.Finding-Surfaces";
				PRODUCT_NAME = "$(TARGET_NAME)";
				SWIFT_VERSION = 5.0;
				TARGETED_DEVICE_FAMILY = "1,2";
			};
			name = Debug;
		};
		DB434DE825FC9C1C00C4B014 /* Release */ = {
			isa = XCBuildConfiguration;
			buildSettings = {
				ASSETCATALOG_COMPILER_APPICON_NAME = AppIcon;
				ASSETCATALOG_COMPILER_GLOBAL_ACCENT_COLOR_NAME = AccentColor;
				CODE_SIGN_STYLE = Automatic;
				DEVELOPMENT_TEAM = P86FRSH948;
				INFOPLIST_FILE = "Finding Surfaces/Info.plist";
				LD_RUNPATH_SEARCH_PATHS = (
					"$(inherited)",
					"@executable_path/Frameworks",
				);
				PRODUCT_BUNDLE_IDENTIFIER = "com.icloud-kif997.Finding-Surfaces";
				PRODUCT_NAME = "$(TARGET_NAME)";
				SWIFT_VERSION = 5.0;
				TARGETED_DEVICE_FAMILY = "1,2";
			};
			name = Release;
		};
/* End XCBuildConfiguration section */

/* Begin XCConfigurationList section */
		DB434DCD25FC9C1700C4B014 /* Build configuration list for PBXProject "Finding Surfaces" */ = {
			isa = XCConfigurationList;
			buildConfigurations = (
				DB434DE425FC9C1C00C4B014 /* Debug */,
				DB434DE525FC9C1C00C4B014 /* Release */,
			);
			defaultConfigurationIsVisible = 0;
			defaultConfigurationName = Release;
		};
		DB434DE625FC9C1C00C4B014 /* Build configuration list for PBXNativeTarget "Finding Surfaces" */ = {
			isa = XCConfigurationList;
			buildConfigurations = (
				DB434DE725FC9C1C00C4B014 /* Debug */,
				DB434DE825FC9C1C00C4B014 /* Release */,
			);
			defaultConfigurationIsVisible = 0;
			defaultConfigurationName = Release;
		};
/* End XCConfigurationList section */
	};
	rootObject = DB434DCA25FC9C1700C4B014 /* Project object */;
}
